
Microsoft Visual Studio Solution File, Format Version 12.00
# Visual Studio Version 16
VisualStudioVersion = 16.0.29102.190
MinimumVisualStudioVersion = 10.0.40219.1
Project("{FAE04EC0-301F-11D3-BF4B-00C04F79EFBC}") = "Control_WebCAM", "Control_WebCAM\Control_WebCAM.csproj", "{48226D9A-CDB0-4AD3-88BB-7CA72E44BDE3}"
EndProject
Global
	GlobalSection(SolutionConfigurationPlatforms) = preSolution
		Debug|Any CPU = Debug|Any CPU
		Release|Any CPU = Release|Any CPU
	EndGlobalSection
	GlobalSection(ProjectConfigurationPlatforms) = postSolution
		{48226D9A-CDB0-4AD3-88BB-7CA72E44BDE3}.Debug|Any CPU.ActiveCfg = Debug|Any CPU
		{48226D9A-CDB0-4AD3-88BB-7CA72E44BDE3}.Debug|Any CPU.Build.0 = Debug|Any CPU
		{48226D9A-CDB0-4AD3-88BB-7CA72E44BDE3}.Release|Any CPU.ActiveCfg = Release|Any CPU
		{48226D9A-CDB0-4AD3-88BB-7CA72E44BDE3}.Release|Any CPU.Build.0 = Release|Any CPU
	EndGlobalSection
	GlobalSection(SolutionProperties) = preSolution
		HideSolutionNode = FALSE
	EndGlobalSection
	GlobalSection(ExtensibilityGlobals) = postSolution
		SolutionGuid = {3CC2652C-F0F9-4883-AB48-AC5992852006}
	EndGlobalSection
EndGlobal
